
Microsoft Visual Studio Solution File, Format Version 12.00
# Visual Studio 15
VisualStudioVersion = 15.0.28307.168
MinimumVisualStudioVersion = 10.0.40219.1
Project("{FAE04EC0-301F-11D3-BF4B-00C04F79EFBC}") = "localDB", "localDB\localDB.csproj", "{1883D58A-86B2-445E-8BE2-484E95C5F5CD}"
EndProject
Global
	GlobalSection(SolutionConfigurationPlatforms) = preSolution
		Debug|Any CPU = Debug|Any CPU
		Release|Any CPU = Release|Any CPU
	EndGlobalSection
	GlobalSection(ProjectConfigurationPlatforms) = postSolution
		{1883D58A-86B2-445E-8BE2-484E95C5F5CD}.Debug|Any CPU.ActiveCfg = Debug|Any CPU
		{1883D58A-86B2-445E-8BE2-484E95C5F5CD}.Debug|Any CPU.Build.0 = Debug|Any CPU
		{1883D58A-86B2-445E-8BE2-484E95C5F5CD}.Release|Any CPU.ActiveCfg = Release|Any CPU
		{1883D58A-86B2-445E-8BE2-484E95C5F5CD}.Release|Any CPU.Build.0 = Release|Any CPU
	EndGlobalSection
	GlobalSection(SolutionProperties) = preSolution
		HideSolutionNode = FALSE
	EndGlobalSection
	GlobalSection(ExtensibilityGlobals) = postSolution
		SolutionGuid = {B9430A70-659E-4576-A345-0A99DC3B5EF8}
	EndGlobalSection
EndGlobal
